// !$*UTF8*$!
{
	archiveVersion = 1;
	classes = {
	};
	objectVersion = 77;
	objects = {

/* Begin PBXContainerItemProxy section */
		BCF456E32CB7BFBC006D5794 /* PBXContainerItemProxy */ = {
			isa = PBXContainerItemProxy;
			containerPortal = BCF456CA2CB7BFBA006D5794 /* Project object */;
			proxyType = 1;
			remoteGlobalIDString = BCF456D12CB7BFBA006D5794;
			remoteInfo = WardrobeRoulette;
		};
		BCF456ED2CB7BFBC006D5794 /* PBXContainerItemProxy */ = {
			isa = PBXContainerItemProxy;
			containerPortal = BCF456CA2CB7BFBA006D5794 /* Project object */;
			proxyType = 1;
			remoteGlobalIDString = BCF456D12CB7BFBA006D5794;
			remoteInfo = WardrobeRoulette;
		};
/* End PBXContainerItemProxy section */

/* Begin PBXFileReference section */
		BCF456D22CB7BFBA006D5794 /* WardrobeRoulette.app */ = {isa = PBXFileReference; explicitFileType = wrapper.application; includeInIndex = 0; path = WardrobeRoulette.app; sourceTree = BUILT_PRODUCTS_DIR; };
		BCF456E22CB7BFBC006D5794 /* WardrobeRouletteTests.xctest */ = {isa = PBXFileReference; explicitFileType = wrapper.cfbundle; includeInIndex = 0; path = WardrobeRouletteTests.xctest; sourceTree = BUILT_PRODUCTS_DIR; };
		BCF456EC2CB7BFBC006D5794 /* WardrobeRouletteUITests.xctest */ = {isa = PBXFileReference; explicitFileType = wrapper.cfbundle; includeInIndex = 0; path = WardrobeRouletteUITests.xctest; sourceTree = BUILT_PRODUCTS_DIR; };
/* End PBXFileReference section */

/* Begin PBXFileSystemSynchronizedRootGroup section */
		BCF456D42CB7BFBA006D5794 /* WardrobeRoulette */ = {
			isa = PBXFileSystemSynchronizedRootGroup;
			path = WardrobeRoulette;
			sourceTree = "<group>";
		};
		BCF456E52CB7BFBC006D5794 /* WardrobeRouletteTests */ = {
			isa = PBXFileSystemSynchronizedRootGroup;
			path = WardrobeRouletteTests;
			sourceTree = "<group>";
		};
		BCF456EF2CB7BFBC006D5794 /* WardrobeRouletteUITests */ = {
			isa = PBXFileSystemSynchronizedRootGroup;
			path = WardrobeRouletteUITests;
			sourceTree = "<group>";
		};
/* End PBXFileSystemSynchronizedRootGroup section */

/* Begin PBXFrameworksBuildPhase section */
		BCF456CF2CB7BFBA006D5794 /* Frameworks */ = {
			isa = PBXFrameworksBuildPhase;
			buildActionMask = 2147483647;
			files = (
			);
			runOnlyForDeploymentPostprocessing = 0;
		};
		BCF456DF2CB7BFBC006D5794 /* Frameworks */ = {
			isa = PBXFrameworksBuildPhase;
			buildActionMask = 2147483647;
			files = (
			);
			runOnlyForDeploymentPostprocessing = 0;
		};
		BCF456E92CB7BFBC006D5794 /* Frameworks */ = {
			isa = PBXFrameworksBuildPhase;
			buildActionMask = 2147483647;
			files = (
			);
			runOnlyForDeploymentPostprocessing = 0;
		};
/* End PBXFrameworksBuildPhase section */

/* Begin PBXGroup section */
		BCF456C92CB7BFBA006D5794 = {
			isa = PBXGroup;
			children = (
				BCF456D42CB7BFBA006D5794 /* WardrobeRoulette */,
				BCF456E52CB7BFBC006D5794 /* WardrobeRouletteTests */,
				BCF456EF2CB7BFBC006D5794 /* WardrobeRouletteUITests */,
				BCF456D32CB7BFBA006D5794 /* Products */,
			);
			sourceTree = "<group>";
		};
		BCF456D32CB7BFBA006D5794 /* Products */ = {
			isa = PBXGroup;
			children = (
				BCF456D22CB7BFBA006D5794 /* WardrobeRoulette.app */,
				BCF456E22CB7BFBC006D5794 /* WardrobeRouletteTests.xctest */,
				BCF456EC2CB7BFBC006D5794 /* WardrobeRouletteUITests.xctest */,
			);
			name = Products;
			sourceTree = "<group>";
		};
/* End PBXGroup section */

/* Begin PBXNativeTarget section */
		BCF456D12CB7BFBA006D5794 /* WardrobeRoulette */ = {
			isa = PBXNativeTarget;
			buildConfigurationList = BCF456F62CB7BFBC006D5794 /* Build configuration list for PBXNativeTarget "WardrobeRoulette" */;
			buildPhases = (
				BCF456CE2CB7BFBA006D5794 /* Sources */,
				BCF456CF2CB7BFBA006D5794 /* Frameworks */,
				BCF456D02CB7BFBA006D5794 /* Resources */,
			);
			buildRules = (
			);
			dependencies = (
			);
			fileSystemSynchronizedGroups = (
				BCF456D42CB7BFBA006D5794 /* WardrobeRoulette */,
			);
			name = WardrobeRoulette;
			packageProductDependencies = (
			);
			productName = WardrobeRoulette;
			productReference = BCF456D22CB7BFBA006D5794 /* WardrobeRoulette.app */;
			productType = "com.apple.product-type.application";
		};
		BCF456E12CB7BFBC006D5794 /* WardrobeRouletteTests */ = {
			isa = PBXNativeTarget;
			buildConfigurationList = BCF456F92CB7BFBC006D5794 /* Build configuration list for PBXNativeTarget "WardrobeRouletteTests" */;
			buildPhases = (
				BCF456DE2CB7BFBC006D5794 /* Sources */,
				BCF456DF2CB7BFBC006D5794 /* Frameworks */,
				BCF456E02CB7BFBC006D5794 /* Resources */,
			);
			buildRules = (
			);
			dependencies = (
				BCF456E42CB7BFBC006D5794 /* PBXTargetDependency */,
			);
			fileSystemSynchronizedGroups = (
				BCF456E52CB7BFBC006D5794 /* WardrobeRouletteTests */,
			);
			name = WardrobeRouletteTests;
			packageProductDependencies = (
			);
			productName = WardrobeRouletteTests;
			productReference = BCF456E22CB7BFBC006D5794 /* WardrobeRouletteTests.xctest */;
			productType = "com.apple.product-type.bundle.unit-test";
		};
		BCF456EB2CB7BFBC006D5794 /* WardrobeRouletteUITests */ = {
			isa = PBXNativeTarget;
			buildConfigurationList = BCF456FC2CB7BFBC006D5794 /* Build configuration list for PBXNativeTarget "WardrobeRouletteUITests" */;
			buildPhases = (
				BCF456E82CB7BFBC006D5794 /* Sources */,
				BCF456E92CB7BFBC006D5794 /* Frameworks */,
				BCF456EA2CB7BFBC006D5794 /* Resources */,
			);
			buildRules = (
			);
			dependencies = (
				BCF456EE2CB7BFBC006D5794 /* PBXTargetDependency */,
			);
			fileSystemSynchronizedGroups = (
				BCF456EF2CB7BFBC006D5794 /* WardrobeRouletteUITests */,
			);
			name = WardrobeRouletteUITests;
			packageProductDependencies = (
			);
			productName = WardrobeRouletteUITests;
			productReference = BCF456EC2CB7BFBC006D5794 /* WardrobeRouletteUITests.xctest */;
			productType = "com.apple.product-type.bundle.ui-testing";
		};
/* End PBXNativeTarget section */

/* Begin PBXProject section */
		BCF456CA2CB7BFBA006D5794 /* Project object */ = {
			isa = PBXProject;
			attributes = {
				BuildIndependentTargetsInParallel = 1;
				LastSwiftUpdateCheck = 1600;
				LastUpgradeCheck = 1600;
				TargetAttributes = {
					BCF456D12CB7BFBA006D5794 = {
						CreatedOnToolsVersion = 16.0;
					};
					BCF456E12CB7BFBC006D5794 = {
						CreatedOnToolsVersion = 16.0;
						TestTargetID = BCF456D12CB7BFBA006D5794;
					};
					BCF456EB2CB7BFBC006D5794 = {
						CreatedOnToolsVersion = 16.0;
						TestTargetID = BCF456D12CB7BFBA006D5794;
					};
				};
			};
			buildConfigurationList = BCF456CD2CB7BFBA006D5794 /* Build configuration list for PBXProject "WardrobeRoulette" */;
			developmentRegion = en;
			hasScannedForEncodings = 0;
			knownRegions = (
				en,
				Base,
			);
			mainGroup = BCF456C92CB7BFBA006D5794;
			minimizedProjectReferenceProxies = 1;
			preferredProjectObjectVersion = 77;
			productRefGroup = BCF456D32CB7BFBA006D5794 /* Products */;
			projectDirPath = "";
			projectRoot = "";
			targets = (
				BCF456D12CB7BFBA006D5794 /* WardrobeRoulette */,
				BCF456E12CB7BFBC006D5794 /* WardrobeRouletteTests */,
				BCF456EB2CB7BFBC006D5794 /* WardrobeRouletteUITests */,
			);
		};
/* End PBXProject section */

/* Begin PBXResourcesBuildPhase section */
		BCF456D02CB7BFBA006D5794 /* Resources */ = {
			isa = PBXResourcesBuildPhase;
			buildActionMask = 2147483647;
			files = (
			);
			runOnlyForDeploymentPostprocessing = 0;
		};
		BCF456E02CB7BFBC006D5794 /* Resources */ = {
			isa = PBXResourcesBuildPhase;
			buildActionMask = 2147483647;
			files = (
			);
			runOnlyForDeploymentPostprocessing = 0;
		};
		BCF456EA2CB7BFBC006D5794 /* Resources */ = {
			isa = PBXResourcesBuildPhase;
			buildActionMask = 2147483647;
			files = (
			);
			runOnlyForDeploymentPostprocessing = 0;
		};
/* End PBXResourcesBuildPhase section */

/* Begin PBXSourcesBuildPhase section */
		BCF456CE2CB7BFBA006D5794 /* Sources */ = {
			isa = PBXSourcesBuildPhase;
			buildActionMask = 2147483647;
			files = (
			);
			runOnlyForDeploymentPostprocessing = 0;
		};
		BCF456DE2CB7BFBC006D5794 /* Sources */ = {
			isa = PBXSourcesBuildPhase;
			buildActionMask = 2147483647;
			files = (
			);
			runOnlyForDeploymentPostprocessing = 0;
		};
		BCF456E82CB7BFBC006D5794 /* Sources */ = {
			isa = PBXSourcesBuildPhase;
			buildActionMask = 2147483647;
			files = (
			);
			runOnlyForDeploymentPostprocessing = 0;
		};
/* End PBXSourcesBuildPhase section */

/* Begin PBXTargetDependency section */
		BCF456E42CB7BFBC006D5794 /* PBXTargetDependency */ = {
			isa = PBXTargetDependency;
			target = BCF456D12CB7BFBA006D5794 /* WardrobeRoulette */;
			targetProxy = BCF456E32CB7BFBC006D5794 /* PBXContainerItemProxy */;
		};
		BCF456EE2CB7BFBC006D5794 /* PBXTargetDependency */ = {
			isa = PBXTargetDependency;
			target = BCF456D12CB7BFBA006D5794 /* WardrobeRoulette */;
			targetProxy = BCF456ED2CB7BFBC006D5794 /* PBXContainerItemProxy */;
		};
/* End PBXTargetDependency section */

/* Begin XCBuildConfiguration section */
		BCF456F42CB7BFBC006D5794 /* Debug */ = {
			isa = XCBuildConfiguration;
			buildSettings = {
				ALWAYS_SEARCH_USER_PATHS = NO;
				ASSETCATALOG_COMPILER_GENERATE_SWIFT_ASSET_SYMBOL_EXTENSIONS = YES;
				CLANG_ANALYZER_NONNULL = YES;
				CLANG_ANALYZER_NUMBER_OBJECT_CONVERSION = YES_AGGRESSIVE;
				CLANG_CXX_LANGUAGE_STANDARD = "gnu++20";
				CLANG_ENABLE_MODULES = YES;
				CLANG_ENABLE_OBJC_ARC = YES;
				CLANG_ENABLE_OBJC_WEAK = YES;
				CLANG_WARN_BLOCK_CAPTURE_AUTORELEASING = YES;
				CLANG_WARN_BOOL_CONVERSION = YES;
				CLANG_WARN_COMMA = YES;
				CLANG_WARN_CONSTANT_CONVERSION = YES;
				CLANG_WARN_DEPRECATED_OBJC_IMPLEMENTATIONS = YES;
				CLANG_WARN_DIRECT_OBJC_ISA_USAGE = YES_ERROR;
				CLANG_WARN_DOCUMENTATION_COMMENTS = YES;
				CLANG_WARN_EMPTY_BODY = YES;
				CLANG_WARN_ENUM_CONVERSION = YES;
				CLANG_WARN_INFINITE_RECURSION = YES;
				CLANG_WARN_INT_CONVERSION = YES;
				CLANG_WARN_NON_LITERAL_NULL_CONVERSION = YES;
				CLANG_WARN_OBJC_IMPLICIT_RETAIN_SELF = YES;
				CLANG_WARN_OBJC_LITERAL_CONVERSION = YES;
				CLANG_WARN_OBJC_ROOT_CLASS = YES_ERROR;
				CLANG_WARN_QUOTED_INCLUDE_IN_FRAMEWORK_HEADER = YES;
				CLANG_WARN_RANGE_LOOP_ANALYSIS = YES;
				CLANG_WARN_STRICT_PROTOTYPES = YES;
				CLANG_WARN_SUSPICIOUS_MOVE = YES;
				CLANG_WARN_UNGUARDED_AVAILABILITY = YES_AGGRESSIVE;
				CLANG_WARN_UNREACHABLE_CODE = YES;
				CLANG_WARN__DUPLICATE_METHOD_MATCH = YES;
				COPY_PHASE_STRIP = NO;
				DEBUG_INFORMATION_FORMAT = dwarf;
				ENABLE_STRICT_OBJC_MSGSEND = YES;
				ENABLE_TESTABILITY = YES;
				ENABLE_USER_SCRIPT_SANDBOXING = YES;
				GCC_C_LANGUAGE_STANDARD = gnu17;
				GCC_DYNAMIC_NO_PIC = NO;
				GCC_NO_COMMON_BLOCKS = YES;
				GCC_OPTIMIZATION_LEVEL = 0;
				GCC_PREPROCESSOR_DEFINITIONS = (
					"DEBUG=1",
					"$(inherited)",
				);
				GCC_WARN_64_TO_32_BIT_CONVERSION = YES;
				GCC_WARN_ABOUT_RETURN_TYPE = YES_ERROR;
				GCC_WARN_UNDECLARED_SELECTOR = YES;
				GCC_WARN_UNINITIALIZED_AUTOS = YES_AGGRESSIVE;
				GCC_WARN_UNUSED_FUNCTION = YES;
				GCC_WARN_UNUSED_VARIABLE = YES;
				IPHONEOS_DEPLOYMENT_TARGET = 18.0;
				LOCALIZATION_PREFERS_STRING_CATALOGS = YES;
				MTL_ENABLE_DEBUG_INFO = INCLUDE_SOURCE;
				MTL_FAST_MATH = YES;
				ONLY_ACTIVE_ARCH = YES;
				SDKROOT = iphoneos;
				SWIFT_ACTIVE_COMPILATION_CONDITIONS = "DEBUG $(inherited)";
				SWIFT_OPTIMIZATION_LEVEL = "-Onone";
			};
			name = Debug;
		};
		BCF456F52CB7BFBC006D5794 /* Release */ = {
			isa = XCBuildConfiguration;
			buildSettings = {
				ALWAYS_SEARCH_USER_PATHS = NO;
				ASSETCATALOG_COMPILER_GENERATE_SWIFT_ASSET_SYMBOL_EXTENSIONS = YES;
				CLANG_ANALYZER_NONNULL = YES;
				CLANG_ANALYZER_NUMBER_OBJECT_CONVERSION = YES_AGGRESSIVE;
				CLANG_CXX_LANGUAGE_STANDARD = "gnu++20";
				CLANG_ENABLE_MODULES = YES;
				CLANG_ENABLE_OBJC_ARC = YES;
				CLANG_ENABLE_OBJC_WEAK = YES;
				CLANG_WARN_BLOCK_CAPTURE_AUTORELEASING = YES;
				CLANG_WARN_BOOL_CONVERSION = YES;
				CLANG_WARN_COMMA = YES;
				CLANG_WARN_CONSTANT_CONVERSION = YES;
				CLANG_WARN_DEPRECATED_OBJC_IMPLEMENTATIONS = YES;
				CLANG_WARN_DIRECT_OBJC_ISA_USAGE = YES_ERROR;
				CLANG_WARN_DOCUMENTATION_COMMENTS = YES;
				CLANG_WARN_EMPTY_BODY = YES;
				CLANG_WARN_ENUM_CONVERSION = YES;
				CLANG_WARN_INFINITE_RECURSION = YES;
				CLANG_WARN_INT_CONVERSION = YES;
				CLANG_WARN_NON_LITERAL_NULL_CONVERSION = YES;
				CLANG_WARN_OBJC_IMPLICIT_RETAIN_SELF = YES;
				CLANG_WARN_OBJC_LITERAL_CONVERSION = YES;
				CLANG_WARN_OBJC_ROOT_CLASS = YES_ERROR;
				CLANG_WARN_QUOTED_INCLUDE_IN_FRAMEWORK_HEADER = YES;
				CLANG_WARN_RANGE_LOOP_ANALYSIS = YES;
				CLANG_WARN_STRICT_PROTOTYPES = YES;
				CLANG_WARN_SUSPICIOUS_MOVE = YES;
				CLANG_WARN_UNGUARDED_AVAILABILITY = YES_AGGRESSIVE;
				CLANG_WARN_UNREACHABLE_CODE = YES;
				CLANG_WARN__DUPLICATE_METHOD_MATCH = YES;
				COPY_PHASE_STRIP = NO;
				DEBUG_INFORMATION_FORMAT = "dwarf-with-dsym";
				ENABLE_NS_ASSERTIONS = NO;
				ENABLE_STRICT_OBJC_MSGSEND = YES;
				ENABLE_USER_SCRIPT_SANDBOXING = YES;
				GCC_C_LANGUAGE_STANDARD = gnu17;
				GCC_NO_COMMON_BLOCKS = YES;
				GCC_WARN_64_TO_32_BIT_CONVERSION = YES;
				GCC_WARN_ABOUT_RETURN_TYPE = YES_ERROR;
				GCC_WARN_UNDECLARED_SELECTOR = YES;
				GCC_WARN_UNINITIALIZED_AUTOS = YES_AGGRESSIVE;
				GCC_WARN_UNUSED_FUNCTION = YES;
				GCC_WARN_UNUSED_VARIABLE = YES;
				IPHONEOS_DEPLOYMENT_TARGET = 18.0;
				LOCALIZATION_PREFERS_STRING_CATALOGS = YES;
				MTL_ENABLE_DEBUG_INFO = NO;
				MTL_FAST_MATH = YES;
				SDKROOT = iphoneos;
				SWIFT_COMPILATION_MODE = wholemodule;
				VALIDATE_PRODUCT = YES;
			};
			name = Release;
		};
		BCF456F72CB7BFBC006D5794 /* Debug */ = {
			isa = XCBuildConfiguration;
			buildSettings = {
				ASSETCATALOG_COMPILER_APPICON_NAME = AppIcon;
				ASSETCATALOG_COMPILER_GLOBAL_ACCENT_COLOR_NAME = AccentColor;
				CODE_SIGN_STYLE = Automatic;
				CURRENT_PROJECT_VERSION = 1;
				DEVELOPMENT_ASSET_PATHS = "\"WardrobeRoulette/Preview Content\"";
				ENABLE_PREVIEWS = YES;
				GENERATE_INFOPLIST_FILE = YES;
				INFOPLIST_KEY_UIApplicationSceneManifest_Generation = YES;
				INFOPLIST_KEY_UIApplicationSupportsIndirectInputEvents = YES;
				INFOPLIST_KEY_UILaunchScreen_Generation = YES;
				INFOPLIST_KEY_UISupportedInterfaceOrientations_iPad = "UIInterfaceOrientationPortrait UIInterfaceOrientationPortraitUpsideDown UIInterfaceOrientationLandscapeLeft UIInterfaceOrientationLandscapeRight";
				INFOPLIST_KEY_UISupportedInterfaceOrientations_iPhone = "UIInterfaceOrientationPortrait UIInterfaceOrientationLandscapeLeft UIInterfaceOrientationLandscapeRight";
				LD_RUNPATH_SEARCH_PATHS = (
					"$(inherited)",
					"@executable_path/Frameworks",
				);
				MARKETING_VERSION = 1.0;
				PRODUCT_BUNDLE_IDENTIFIER = com.fayben.WardrobeRoulette;
				PRODUCT_NAME = "$(TARGET_NAME)";
				SWIFT_EMIT_LOC_STRINGS = YES;
				SWIFT_VERSION = 5.0;
				TARGETED_DEVICE_FAMILY = "1,2";
			};
			name = Debug;
		};
		BCF456F82CB7BFBC006D5794 /* Release */ = {
			isa = XCBuildConfiguration;
			buildSettings = {
				ASSETCATALOG_COMPILER_APPICON_NAME = AppIcon;
				ASSETCATALOG_COMPILER_GLOBAL_ACCENT_COLOR_NAME = AccentColor;
				CODE_SIGN_STYLE = Automatic;
				CURRENT_PROJECT_VERSION = 1;
				DEVELOPMENT_ASSET_PATHS = "\"WardrobeRoulette/Preview Content\"";
				ENABLE_PREVIEWS = YES;
				GENERATE_INFOPLIST_FILE = YES;
				INFOPLIST_KEY_UIApplicationSceneManifest_Generation = YES;
				INFOPLIST_KEY_UIApplicationSupportsIndirectInputEvents = YES;
				INFOPLIST_KEY_UILaunchScreen_Generation = YES;
				INFOPLIST_KEY_UISupportedInterfaceOrientations_iPad = "UIInterfaceOrientationPortrait UIInterfaceOrientationPortraitUpsideDown UIInterfaceOrientationLandscapeLeft UIInterfaceOrientationLandscapeRight";
				INFOPLIST_KEY_UISupportedInterfaceOrientations_iPhone = "UIInterfaceOrientationPortrait UIInterfaceOrientationLandscapeLeft UIInterfaceOrientationLandscapeRight";
				LD_RUNPATH_SEARCH_PATHS = (
					"$(inherited)",
					"@executable_path/Frameworks",
				);
				MARKETING_VERSION = 1.0;
				PRODUCT_BUNDLE_IDENTIFIER = com.fayben.WardrobeRoulette;
				PRODUCT_NAME = "$(TARGET_NAME)";
				SWIFT_EMIT_LOC_STRINGS = YES;
				SWIFT_VERSION = 5.0;
				TARGETED_DEVICE_FAMILY = "1,2";
			};
			name = Release;
		};
		BCF456FA2CB7BFBC006D5794 /* Debug */ = {
			isa = XCBuildConfiguration;
			buildSettings = {
				BUNDLE_LOADER = "$(TEST_HOST)";
				CODE_SIGN_STYLE = Automatic;
				CURRENT_PROJECT_VERSION = 1;
				GENERATE_INFOPLIST_FILE = YES;
				IPHONEOS_DEPLOYMENT_TARGET = 18.0;
				MARKETING_VERSION = 1.0;
				PRODUCT_BUNDLE_IDENTIFIER = com.fayben.WardrobeRouletteTests;
				PRODUCT_NAME = "$(TARGET_NAME)";
				SWIFT_EMIT_LOC_STRINGS = NO;
				SWIFT_VERSION = 5.0;
				TARGETED_DEVICE_FAMILY = "1,2";
				TEST_HOST = "$(BUILT_PRODUCTS_DIR)/WardrobeRoulette.app/$(BUNDLE_EXECUTABLE_FOLDER_PATH)/WardrobeRoulette";
			};
			name = Debug;
		};
		BCF456FB2CB7BFBC006D5794 /* Release */ = {
			isa = XCBuildConfiguration;
			buildSettings = {
				BUNDLE_LOADER = "$(TEST_HOST)";
				CODE_SIGN_STYLE = Automatic;
				CURRENT_PROJECT_VERSION = 1;
				GENERATE_INFOPLIST_FILE = YES;
				IPHONEOS_DEPLOYMENT_TARGET = 18.0;
				MARKETING_VERSION = 1.0;
				PRODUCT_BUNDLE_IDENTIFIER = com.fayben.WardrobeRouletteTests;
				PRODUCT_NAME = "$(TARGET_NAME)";
				SWIFT_EMIT_LOC_STRINGS = NO;
				SWIFT_VERSION = 5.0;
				TARGETED_DEVICE_FAMILY = "1,2";
				TEST_HOST = "$(BUILT_PRODUCTS_DIR)/WardrobeRoulette.app/$(BUNDLE_EXECUTABLE_FOLDER_PATH)/WardrobeRoulette";
			};
			name = Release;
		};
		BCF456FD2CB7BFBC006D5794 /* Debug */ = {
			isa = XCBuildConfiguration;
			buildSettings = {
				CODE_SIGN_STYLE = Automatic;
				CURRENT_PROJECT_VERSION = 1;
				GENERATE_INFOPLIST_FILE = YES;
				MARKETING_VERSION = 1.0;
				PRODUCT_BUNDLE_IDENTIFIER = com.fayben.WardrobeRouletteUITests;
				PRODUCT_NAME = "$(TARGET_NAME)";
				SWIFT_EMIT_LOC_STRINGS = NO;
				SWIFT_VERSION = 5.0;
				TARGETED_DEVICE_FAMILY = "1,2";
				TEST_TARGET_NAME = WardrobeRoulette;
			};
			name = Debug;
		};
		BCF456FE2CB7BFBC006D5794 /* Release */ = {
			isa = XCBuildConfiguration;
			buildSettings = {
				CODE_SIGN_STYLE = Automatic;
				CURRENT_PROJECT_VERSION = 1;
				GENERATE_INFOPLIST_FILE = YES;
				MARKETING_VERSION = 1.0;
				PRODUCT_BUNDLE_IDENTIFIER = com.fayben.WardrobeRouletteUITests;
				PRODUCT_NAME = "$(TARGET_NAME)";
				SWIFT_EMIT_LOC_STRINGS = NO;
				SWIFT_VERSION = 5.0;
				TARGETED_DEVICE_FAMILY = "1,2";
				TEST_TARGET_NAME = WardrobeRoulette;
			};
			name = Release;
		};
/* End XCBuildConfiguration section */

/* Begin XCConfigurationList section */
		BCF456CD2CB7BFBA006D5794 /* Build configuration list for PBXProject "WardrobeRoulette" */ = {
			isa = XCConfigurationList;
			buildConfigurations = (
				BCF456F42CB7BFBC006D5794 /* Debug */,
				BCF456F52CB7BFBC006D5794 /* Release */,
			);
			defaultConfigurationIsVisible = 0;
			defaultConfigurationName = Release;
		};
		BCF456F62CB7BFBC006D5794 /* Build configuration list for PBXNativeTarget "WardrobeRoulette" */ = {
			isa = XCConfigurationList;
			buildConfigurations = (
				BCF456F72CB7BFBC006D5794 /* Debug */,
				BCF456F82CB7BFBC006D5794 /* Release */,
			);
			defaultConfigurationIsVisible = 0;
			defaultConfigurationName = Release;
		};
		BCF456F92CB7BFBC006D5794 /* Build configuration list for PBXNativeTarget "WardrobeRouletteTests" */ = {
			isa = XCConfigurationList;
			buildConfigurations = (
				BCF456FA2CB7BFBC006D5794 /* Debug */,
				BCF456FB2CB7BFBC006D5794 /* Release */,
			);
			defaultConfigurationIsVisible = 0;
			defaultConfigurationName = Release;
		};
		BCF456FC2CB7BFBC006D5794 /* Build configuration list for PBXNativeTarget "WardrobeRouletteUITests" */ = {
			isa = XCConfigurationList;
			buildConfigurations = (
				BCF456FD2CB7BFBC006D5794 /* Debug */,
				BCF456FE2CB7BFBC006D5794 /* Release */,
			);
			defaultConfigurationIsVisible = 0;
			defaultConfigurationName = Release;
		};
/* End XCConfigurationList section */
	};
	rootObject = BCF456CA2CB7BFBA006D5794 /* Project object */;
}
